
Microsoft Visual Studio Solution File, Format Version 12.00
# Visual Studio 15
VisualStudioVersion = 15.0.28307.329
MinimumVisualStudioVersion = 10.0.40219.1
Project("{FAE04EC0-301F-11D3-BF4B-00C04F79EFBC}") = "NullObjectPattern", "NullObjectPattern\NullObjectPattern.csproj", "{C8F0F4D4-830B-4628-90A4-A42F43EBFE8D}"
EndProject
Global
	GlobalSection(SolutionConfigurationPlatforms) = preSolution
		Debug|Any CPU = Debug|Any CPU
		Release|Any CPU = Release|Any CPU
	EndGlobalSection
	GlobalSection(ProjectConfigurationPlatforms) = postSolution
		{C8F0F4D4-830B-4628-90A4-A42F43EBFE8D}.Debug|Any CPU.ActiveCfg = Debug|Any CPU
		{C8F0F4D4-830B-4628-90A4-A42F43EBFE8D}.Debug|Any CPU.Build.0 = Debug|Any CPU
		{C8F0F4D4-830B-4628-90A4-A42F43EBFE8D}.Release|Any CPU.ActiveCfg = Release|Any CPU
		{C8F0F4D4-830B-4628-90A4-A42F43EBFE8D}.Release|Any CPU.Build.0 = Release|Any CPU
	EndGlobalSection
	GlobalSection(SolutionProperties) = preSolution
		HideSolutionNode = FALSE
	EndGlobalSection
	GlobalSection(ExtensibilityGlobals) = postSolution
		SolutionGuid = {87B20B82-42A6-4C06-A4E5-C2D19B7EFDF2}
	EndGlobalSection
EndGlobal
